
Microsoft Visual Studio Solution File, Format Version 12.00
# Visual Studio 15
VisualStudioVersion = 15.0.27703.2047
MinimumVisualStudioVersion = 10.0.40219.1
Project("{FAE04EC0-301F-11D3-BF4B-00C04F79EFBC}") = "T4Demo", "T4Demo\T4Demo.csproj", "{D4186D01-BF00-4328-ADEC-C83F3E2C0227}"
EndProject
Project("{FAE04EC0-301F-11D3-BF4B-00C04F79EFBC}") = "Sealee.Util", "Sealee.Util\Sealee.Util.csproj", "{300DA3FF-8DBF-4ED9-9C75-E148A9DAE037}"
EndProject
Project("{FAE04EC0-301F-11D3-BF4B-00C04F79EFBC}") = "SqlSugarDemo", "SqlSugarDemo\SqlSugarDemo.csproj", "{A57BF5B1-C523-443B-B689-CC197F84F9DE}"
EndProject
Project("{FAE04EC0-301F-11D3-BF4B-00C04F79EFBC}") = "Sealee.T4Helper", "Sealee.T4Helper\Sealee.T4Helper.csproj", "{47C22E24-83A1-49DC-8E99-35798338306A}"
EndProject
Project("{FAE04EC0-301F-11D3-BF4B-00C04F79EFBC}") = "Test", "Test\Test.csproj", "{3A9BCD00-7345-43FE-905D-FB92DFE7D880}"
EndProject
Project("{FAE04EC0-301F-11D3-BF4B-00C04F79EFBC}") = "My.Entity", "My.Entity\My.Entity.csproj", "{F206A31C-17C9-4ACA-BC66-299A5C7E006B}"
EndProject
Project("{FAE04EC0-301F-11D3-BF4B-00C04F79EFBC}") = "Sealee.SqlHelper", "Sealee.SqlHelper\Sealee.SqlHelper.csproj", "{C2BB7D6D-1E5F-4FC1-A4BB-B31F6BDCE6D6}"
EndProject
Global
	GlobalSection(SolutionConfigurationPlatforms) = preSolution
		Debug|Any CPU = Debug|Any CPU
		Release|Any CPU = Release|Any CPU
	EndGlobalSection
	GlobalSection(ProjectConfigurationPlatforms) = postSolution
		{D4186D01-BF00-4328-ADEC-C83F3E2C0227}.Debug|Any CPU.ActiveCfg = Debug|Any CPU
		{D4186D01-BF00-4328-ADEC-C83F3E2C0227}.Debug|Any CPU.Build.0 = Debug|Any CPU
		{D4186D01-BF00-4328-ADEC-C83F3E2C0227}.Release|Any CPU.ActiveCfg = Release|Any CPU
		{D4186D01-BF00-4328-ADEC-C83F3E2C0227}.Release|Any CPU.Build.0 = Release|Any CPU
		{300DA3FF-8DBF-4ED9-9C75-E148A9DAE037}.Debug|Any CPU.ActiveCfg = Debug|Any CPU
		{300DA3FF-8DBF-4ED9-9C75-E148A9DAE037}.Debug|Any CPU.Build.0 = Debug|Any CPU
		{300DA3FF-8DBF-4ED9-9C75-E148A9DAE037}.Release|Any CPU.ActiveCfg = Release|Any CPU
		{300DA3FF-8DBF-4ED9-9C75-E148A9DAE037}.Release|Any CPU.Build.0 = Release|Any CPU
		{A57BF5B1-C523-443B-B689-CC197F84F9DE}.Debug|Any CPU.ActiveCfg = Debug|Any CPU
		{A57BF5B1-C523-443B-B689-CC197F84F9DE}.Debug|Any CPU.Build.0 = Debug|Any CPU
		{A57BF5B1-C523-443B-B689-CC197F84F9DE}.Release|Any CPU.ActiveCfg = Release|Any CPU
		{A57BF5B1-C523-443B-B689-CC197F84F9DE}.Release|Any CPU.Build.0 = Release|Any CPU
		{47C22E24-83A1-49DC-8E99-35798338306A}.Debug|Any CPU.ActiveCfg = Debug|Any CPU
		{47C22E24-83A1-49DC-8E99-35798338306A}.Debug|Any CPU.Build.0 = Debug|Any CPU
		{47C22E24-83A1-49DC-8E99-35798338306A}.Release|Any CPU.ActiveCfg = Release|Any CPU
		{47C22E24-83A1-49DC-8E99-35798338306A}.Release|Any CPU.Build.0 = Release|Any CPU
		{3A9BCD00-7345-43FE-905D-FB92DFE7D880}.Debug|Any CPU.ActiveCfg = Debug|Any CPU
		{3A9BCD00-7345-43FE-905D-FB92DFE7D880}.Debug|Any CPU.Build.0 = Debug|Any CPU
		{3A9BCD00-7345-43FE-905D-FB92DFE7D880}.Release|Any CPU.ActiveCfg = Release|Any CPU
		{3A9BCD00-7345-43FE-905D-FB92DFE7D880}.Release|Any CPU.Build.0 = Release|Any CPU
		{F206A31C-17C9-4ACA-BC66-299A5C7E006B}.Debug|Any CPU.ActiveCfg = Debug|Any CPU
		{F206A31C-17C9-4ACA-BC66-299A5C7E006B}.Debug|Any CPU.Build.0 = Debug|Any CPU
		{F206A31C-17C9-4ACA-BC66-299A5C7E006B}.Release|Any CPU.ActiveCfg = Release|Any CPU
		{F206A31C-17C9-4ACA-BC66-299A5C7E006B}.Release|Any CPU.Build.0 = Release|Any CPU
		{C2BB7D6D-1E5F-4FC1-A4BB-B31F6BDCE6D6}.Debug|Any CPU.ActiveCfg = Debug|Any CPU
		{C2BB7D6D-1E5F-4FC1-A4BB-B31F6BDCE6D6}.Debug|Any CPU.Build.0 = Debug|Any CPU
		{C2BB7D6D-1E5F-4FC1-A4BB-B31F6BDCE6D6}.Release|Any CPU.ActiveCfg = Release|Any CPU
		{C2BB7D6D-1E5F-4FC1-A4BB-B31F6BDCE6D6}.Release|Any CPU.Build.0 = Release|Any CPU
	EndGlobalSection
	GlobalSection(SolutionProperties) = preSolution
		HideSolutionNode = FALSE
	EndGlobalSection
	GlobalSection(ExtensibilityGlobals) = postSolution
		SolutionGuid = {299A7146-19B3-416C-953F-17D172B43568}
	EndGlobalSection
EndGlobal
